
Microsoft Visual Studio Solution File, Format Version 12.00
# Visual Studio 14
VisualStudioVersion = 14.0.25420.1
MinimumVisualStudioVersion = 10.0.40219.1
Project("{FAE04EC0-301F-11D3-BF4B-00C04F79EFBC}") = "Aula1705", "Aula1705\Aula1705.csproj", "{C7407831-AB99-4DBC-8C16-D7F33AE0F4FF}"
EndProject
Global
	GlobalSection(SolutionConfigurationPlatforms) = preSolution
		Debug|Any CPU = Debug|Any CPU
		Release|Any CPU = Release|Any CPU
	EndGlobalSection
	GlobalSection(ProjectConfigurationPlatforms) = postSolution
		{C7407831-AB99-4DBC-8C16-D7F33AE0F4FF}.Debug|Any CPU.ActiveCfg = Debug|Any CPU
		{C7407831-AB99-4DBC-8C16-D7F33AE0F4FF}.Debug|Any CPU.Build.0 = Debug|Any CPU
		{C7407831-AB99-4DBC-8C16-D7F33AE0F4FF}.Release|Any CPU.ActiveCfg = Release|Any CPU
		{C7407831-AB99-4DBC-8C16-D7F33AE0F4FF}.Release|Any CPU.Build.0 = Release|Any CPU
	EndGlobalSection
	GlobalSection(SolutionProperties) = preSolution
		HideSolutionNode = FALSE
	EndGlobalSection
EndGlobal
